
Microsoft Visual Studio Solution File, Format Version 12.00
# Visual Studio Version 16
VisualStudioVersion = 16.0.31702.278
MinimumVisualStudioVersion = 10.0.40219.1
Project("{FAE04EC0-301F-11D3-BF4B-00C04F79EFBC}") = "ConsoleApp2", "ConsoleApp2\ConsoleApp2.csproj", "{C42CBD0C-1060-487B-955C-ECDA9A1A9B1A}"
EndProject
Global
	GlobalSection(SolutionConfigurationPlatforms) = preSolution
		Debug|Any CPU = Debug|Any CPU
		Release|Any CPU = Release|Any CPU
	EndGlobalSection
	GlobalSection(ProjectConfigurationPlatforms) = postSolution
		{C42CBD0C-1060-487B-955C-ECDA9A1A9B1A}.Debug|Any CPU.ActiveCfg = Debug|Any CPU
		{C42CBD0C-1060-487B-955C-ECDA9A1A9B1A}.Debug|Any CPU.Build.0 = Debug|Any CPU
		{C42CBD0C-1060-487B-955C-ECDA9A1A9B1A}.Release|Any CPU.ActiveCfg = Release|Any CPU
		{C42CBD0C-1060-487B-955C-ECDA9A1A9B1A}.Release|Any CPU.Build.0 = Release|Any CPU
	EndGlobalSection
	GlobalSection(SolutionProperties) = preSolution
		HideSolutionNode = FALSE
	EndGlobalSection
	GlobalSection(ExtensibilityGlobals) = postSolution
		SolutionGuid = {22801B15-089E-48DC-BE0D-809C8B56BFBC}
	EndGlobalSection
EndGlobal
